
Microsoft Visual Studio Solution File, Format Version 12.00
# Visual Studio Version 16
VisualStudioVersion = 16.0.31515.178
MinimumVisualStudioVersion = 10.0.40219.1
Project("{9A19103F-16F7-4668-BE54-9A1E7A4F7556}") = "SandBox", "SandBox.csproj", "{DB5CD1A2-8F91-48D8-9E66-7162F617B068}"
EndProject
Project("{9A19103F-16F7-4668-BE54-9A1E7A4F7556}") = "test", "test\test.csproj", "{7C1A454A-8EE5-43B7-9A27-CA4AA69CA3B8}"
EndProject
Global
	GlobalSection(SolutionConfigurationPlatforms) = preSolution
		Debug|Any CPU = Debug|Any CPU
		Release|Any CPU = Release|Any CPU
	EndGlobalSection
	GlobalSection(ProjectConfigurationPlatforms) = postSolution
		{DB5CD1A2-8F91-48D8-9E66-7162F617B068}.Debug|Any CPU.ActiveCfg = Debug|Any CPU
		{DB5CD1A2-8F91-48D8-9E66-7162F617B068}.Debug|Any CPU.Build.0 = Debug|Any CPU
		{DB5CD1A2-8F91-48D8-9E66-7162F617B068}.Release|Any CPU.ActiveCfg = Release|Any CPU
		{DB5CD1A2-8F91-48D8-9E66-7162F617B068}.Release|Any CPU.Build.0 = Release|Any CPU
		{7C1A454A-8EE5-43B7-9A27-CA4AA69CA3B8}.Debug|Any CPU.ActiveCfg = Debug|Any CPU
		{7C1A454A-8EE5-43B7-9A27-CA4AA69CA3B8}.Debug|Any CPU.Build.0 = Debug|Any CPU
		{7C1A454A-8EE5-43B7-9A27-CA4AA69CA3B8}.Release|Any CPU.ActiveCfg = Release|Any CPU
		{7C1A454A-8EE5-43B7-9A27-CA4AA69CA3B8}.Release|Any CPU.Build.0 = Release|Any CPU
	EndGlobalSection
	GlobalSection(SolutionProperties) = preSolution
		HideSolutionNode = FALSE
	EndGlobalSection
	GlobalSection(ExtensibilityGlobals) = postSolution
		SolutionGuid = {8E108804-1C21-4932-AEB6-EBA1E3575BAE}
	EndGlobalSection
EndGlobal
